
Microsoft Visual Studio Solution File, Format Version 12.00
# Visual Studio Version 17
VisualStudioVersion = 17.0.32014.148
MinimumVisualStudioVersion = 10.0.40219.1
Project("{9A19103F-16F7-4668-BE54-9A1E7A4F7556}") = "05_HydrothermalVenture", "05_HydrothermalVenture\05_HydrothermalVenture.csproj", "{93D9C20E-BAD6-4C91-8A78-3FB2BFE8370D}"
EndProject
Project("{9A19103F-16F7-4668-BE54-9A1E7A4F7556}") = "04_GiantSquid", "04_GiantSquid\04_GiantSquid.csproj", "{84C4C5BD-C7F8-4716-92B6-8AA3A0F44E71}"
EndProject
Project("{9A19103F-16F7-4668-BE54-9A1E7A4F7556}") = "01_SonarSweep", "01_SonarSweep\01_SonarSweep.csproj", "{E1035A8B-B234-40A7-9A2F-03DEDA170BB1}"
EndProject
Project("{2150E333-8FDC-42A3-9474-1A3956D46DE8}") = "Solution Items", "Solution Items", "{1319D03E-CE71-40EE-9B60-32D81332A6BA}"
	ProjectSection(SolutionItems) = preProject
		Directory.Build.props = Directory.Build.props
	EndProjectSection
EndProject
Project("{9A19103F-16F7-4668-BE54-9A1E7A4F7556}") = "02_Dive", "02_Dive\02_Dive.csproj", "{8992F09F-D279-4A4B-9036-21E0518E9326}"
EndProject
Project("{9A19103F-16F7-4668-BE54-9A1E7A4F7556}") = "06_Lanternfish", "06_Lanternfish\06_Lanternfish.csproj", "{29409253-F16B-4FC6-9F75-71E128AC4CFA}"
EndProject
Project("{9A19103F-16F7-4668-BE54-9A1E7A4F7556}") = "03_BinaryDiagnostic", "03_BinaryDiagnostic\03_BinaryDiagnostic.csproj", "{24A625F0-9149-4D2F-957C-04403BBC914F}"
EndProject
Project("{9A19103F-16F7-4668-BE54-9A1E7A4F7556}") = "07_TheTreacheryOfWhales", "07_TheTreacheryOfWhales\07_TheTreacheryOfWhales.csproj", "{C06A395E-B8A2-4F2E-A59E-37409A0752E5}"
EndProject
Project("{8BC9CEB8-8B4A-11D0-8D11-00A0C91BC942}") = "07_TheTreacheryOfWhalesCPP", "07_TheTreacheryOfWhalesCPP\07_TheTreacheryOfWhalesCPP.vcxproj", "{B59B4FDD-9F80-45B0-9369-78E2CBE9B557}"
EndProject
Project("{8BC9CEB8-8B4A-11D0-8D11-00A0C91BC942}") = "08_SevenSegmentSearch", "08_SevenSegmentSearch\08_SevenSegmentSearch.vcxproj", "{AE71638F-F19B-4990-AC57-F6B3521E9855}"
EndProject
Project("{8BC9CEB8-8B4A-11D0-8D11-00A0C91BC942}") = "09_SmokeBasin", "09_SmokeBasin\09_SmokeBasin.vcxproj", "{EB973AE1-F725-46F9-A799-6EC8A5959D13}"
EndProject
Project("{8BC9CEB8-8B4A-11D0-8D11-00A0C91BC942}") = "10_SyntaxScoring", "10_SyntaxScoring\10_SyntaxScoring.vcxproj", "{DFE722CC-7BB9-4FFD-BFFA-64209132BCEC}"
EndProject
Project("{8BC9CEB8-8B4A-11D0-8D11-00A0C91BC942}") = "11_DumboOctopus", "11_DumboOctopus\11_DumboOctopus.vcxproj", "{1BD85961-8219-4611-A3B0-742016B8FC37}"
EndProject
Project("{8BC9CEB8-8B4A-11D0-8D11-00A0C91BC942}") = "12_PassagePathing", "12_PassagePathing\12_PassagePathing.vcxproj", "{14497273-BF84-45FD-9AA0-F97CCE973563}"
EndProject
Project("{8BC9CEB8-8B4A-11D0-8D11-00A0C91BC942}") = "13_TransparentOrigami", "13_TransparentOrigami\13_TransparentOrigami.vcxproj", "{277195B8-A098-4B86-A65F-52CD966B1BA0}"
EndProject
Project("{8BC9CEB8-8B4A-11D0-8D11-00A0C91BC942}") = "14_ExtendedPolymerization", "14_ExtendedPolymerization\14_ExtendedPolymerization.vcxproj", "{CCE29286-12AA-43EB-B542-C84236B644E9}"
EndProject
Global
	GlobalSection(SolutionConfigurationPlatforms) = preSolution
		Debug|Any CPU = Debug|Any CPU
		Debug|x64 = Debug|x64
		Debug|x86 = Debug|x86
		Release|Any CPU = Release|Any CPU
		Release|x64 = Release|x64
		Release|x86 = Release|x86
	EndGlobalSection
	GlobalSection(ProjectConfigurationPlatforms) = postSolution
		{93D9C20E-BAD6-4C91-8A78-3FB2BFE8370D}.Debug|Any CPU.ActiveCfg = Debug|Any CPU
		{93D9C20E-BAD6-4C91-8A78-3FB2BFE8370D}.Debug|Any CPU.Build.0 = Debug|Any CPU
		{93D9C20E-BAD6-4C91-8A78-3FB2BFE8370D}.Debug|x64.ActiveCfg = Debug|Any CPU
		{93D9C20E-BAD6-4C91-8A78-3FB2BFE8370D}.Debug|x64.Build.0 = Debug|Any CPU
		{93D9C20E-BAD6-4C91-8A78-3FB2BFE8370D}.Debug|x86.ActiveCfg = Debug|Any CPU
		{93D9C20E-BAD6-4C91-8A78-3FB2BFE8370D}.Debug|x86.Build.0 = Debug|Any CPU
		{93D9C20E-BAD6-4C91-8A78-3FB2BFE8370D}.Release|Any CPU.ActiveCfg = Release|Any CPU
		{93D9C20E-BAD6-4C91-8A78-3FB2BFE8370D}.Release|Any CPU.Build.0 = Release|Any CPU
		{93D9C20E-BAD6-4C91-8A78-3FB2BFE8370D}.Release|x64.ActiveCfg = Release|Any CPU
		{93D9C20E-BAD6-4C91-8A78-3FB2BFE8370D}.Release|x64.Build.0 = Release|Any CPU
		{93D9C20E-BAD6-4C91-8A78-3FB2BFE8370D}.Release|x86.ActiveCfg = Release|Any CPU
		{93D9C20E-BAD6-4C91-8A78-3FB2BFE8370D}.Release|x86.Build.0 = Release|Any CPU
		{84C4C5BD-C7F8-4716-92B6-8AA3A0F44E71}.Debug|Any CPU.ActiveCfg = Debug|Any CPU
		{84C4C5BD-C7F8-4716-92B6-8AA3A0F44E71}.Debug|Any CPU.Build.0 = Debug|Any CPU
		{84C4C5BD-C7F8-4716-92B6-8AA3A0F44E71}.Debug|x64.ActiveCfg = Debug|Any CPU
		{84C4C5BD-C7F8-4716-92B6-8AA3A0F44E71}.Debug|x64.Build.0 = Debug|Any CPU
		{84C4C5BD-C7F8-4716-92B6-8AA3A0F44E71}.Debug|x86.ActiveCfg = Debug|Any CPU
		{84C4C5BD-C7F8-4716-92B6-8AA3A0F44E71}.Debug|x86.Build.0 = Debug|Any CPU
		{84C4C5BD-C7F8-4716-92B6-8AA3A0F44E71}.Release|Any CPU.ActiveCfg = Release|Any CPU
		{84C4C5BD-C7F8-4716-92B6-8AA3A0F44E71}.Release|Any CPU.Build.0 = Release|Any CPU
		{84C4C5BD-C7F8-4716-92B6-8AA3A0F44E71}.Release|x64.ActiveCfg = Release|Any CPU
		{84C4C5BD-C7F8-4716-92B6-8AA3A0F44E71}.Release|x64.Build.0 = Release|Any CPU
		{84C4C5BD-C7F8-4716-92B6-8AA3A0F44E71}.Release|x86.ActiveCfg = Release|Any CPU
		{84C4C5BD-C7F8-4716-92B6-8AA3A0F44E71}.Release|x86.Build.0 = Release|Any CPU
		{E1035A8B-B234-40A7-9A2F-03DEDA170BB1}.Debug|Any CPU.ActiveCfg = Debug|Any CPU
		{E1035A8B-B234-40A7-9A2F-03DEDA170BB1}.Debug|Any CPU.Build.0 = Debug|Any CPU
		{E1035A8B-B234-40A7-9A2F-03DEDA170BB1}.Debug|x64.ActiveCfg = Debug|Any CPU
		{E1035A8B-B234-40A7-9A2F-03DEDA170BB1}.Debug|x64.Build.0 = Debug|Any CPU
		{E1035A8B-B234-40A7-9A2F-03DEDA170BB1}.Debug|x86.ActiveCfg = Debug|Any CPU
		{E1035A8B-B234-40A7-9A2F-03DEDA170BB1}.Debug|x86.Build.0 = Debug|Any CPU
		{E1035A8B-B234-40A7-9A2F-03DEDA170BB1}.Release|Any CPU.ActiveCfg = Release|Any CPU
		{E1035A8B-B234-40A7-9A2F-03DEDA170BB1}.Release|Any CPU.Build.0 = Release|Any CPU
		{E1035A8B-B234-40A7-9A2F-03DEDA170BB1}.Release|x64.ActiveCfg = Release|Any CPU
		{E1035A8B-B234-40A7-9A2F-03DEDA170BB1}.Release|x64.Build.0 = Release|Any CPU
		{E1035A8B-B234-40A7-9A2F-03DEDA170BB1}.Release|x86.ActiveCfg = Release|Any CPU
		{E1035A8B-B234-40A7-9A2F-03DEDA170BB1}.Release|x86.Build.0 = Release|Any CPU
		{8992F09F-D279-4A4B-9036-21E0518E9326}.Debug|Any CPU.ActiveCfg = Debug|Any CPU
		{8992F09F-D279-4A4B-9036-21E0518E9326}.Debug|Any CPU.Build.0 = Debug|Any CPU
		{8992F09F-D279-4A4B-9036-21E0518E9326}.Debug|x64.ActiveCfg = Debug|Any CPU
		{8992F09F-D279-4A4B-9036-21E0518E9326}.Debug|x64.Build.0 = Debug|Any CPU
		{8992F09F-D279-4A4B-9036-21E0518E9326}.Debug|x86.ActiveCfg = Debug|Any CPU
		{8992F09F-D279-4A4B-9036-21E0518E9326}.Debug|x86.Build.0 = Debug|Any CPU
		{8992F09F-D279-4A4B-9036-21E0518E9326}.Release|Any CPU.ActiveCfg = Release|Any CPU
		{8992F09F-D279-4A4B-9036-21E0518E9326}.Release|Any CPU.Build.0 = Release|Any CPU
		{8992F09F-D279-4A4B-9036-21E0518E9326}.Release|x64.ActiveCfg = Release|Any CPU
		{8992F09F-D279-4A4B-9036-21E0518E9326}.Release|x64.Build.0 = Release|Any CPU
		{8992F09F-D279-4A4B-9036-21E0518E9326}.Release|x86.ActiveCfg = Release|Any CPU
		{8992F09F-D279-4A4B-9036-21E0518E9326}.Release|x86.Build.0 = Release|Any CPU
		{29409253-F16B-4FC6-9F75-71E128AC4CFA}.Debug|Any CPU.ActiveCfg = Debug|Any CPU
		{29409253-F16B-4FC6-9F75-71E128AC4CFA}.Debug|Any CPU.Build.0 = Debug|Any CPU
		{29409253-F16B-4FC6-9F75-71E128AC4CFA}.Debug|x64.ActiveCfg = Debug|Any CPU
		{29409253-F16B-4FC6-9F75-71E128AC4CFA}.Debug|x64.Build.0 = Debug|Any CPU
		{29409253-F16B-4FC6-9F75-71E128AC4CFA}.Debug|x86.ActiveCfg = Debug|Any CPU
		{29409253-F16B-4FC6-9F75-71E128AC4CFA}.Debug|x86.Build.0 = Debug|Any CPU
		{29409253-F16B-4FC6-9F75-71E128AC4CFA}.Release|Any CPU.ActiveCfg = Release|Any CPU
		{29409253-F16B-4FC6-9F75-71E128AC4CFA}.Release|Any CPU.Build.0 = Release|Any CPU
		{29409253-F16B-4FC6-9F75-71E128AC4CFA}.Release|x64.ActiveCfg = Release|Any CPU
		{29409253-F16B-4FC6-9F75-71E128AC4CFA}.Release|x64.Build.0 = Release|Any CPU
		{29409253-F16B-4FC6-9F75-71E128AC4CFA}.Release|x86.ActiveCfg = Release|Any CPU
		{29409253-F16B-4FC6-9F75-71E128AC4CFA}.Release|x86.Build.0 = Release|Any CPU
		{24A625F0-9149-4D2F-957C-04403BBC914F}.Debug|Any CPU.ActiveCfg = Debug|Any CPU
		{24A625F0-9149-4D2F-957C-04403BBC914F}.Debug|Any CPU.Build.0 = Debug|Any CPU
		{24A625F0-9149-4D2F-957C-04403BBC914F}.Debug|x64.ActiveCfg = Debug|Any CPU
		{24A625F0-9149-4D2F-957C-04403BBC914F}.Debug|x64.Build.0 = Debug|Any CPU
		{24A625F0-9149-4D2F-957C-04403BBC914F}.Debug|x86.ActiveCfg = Debug|Any CPU
		{24A625F0-9149-4D2F-957C-04403BBC914F}.Debug|x86.Build.0 = Debug|Any CPU
		{24A625F0-9149-4D2F-957C-04403BBC914F}.Release|Any CPU.ActiveCfg = Release|Any CPU
		{24A625F0-9149-4D2F-957C-04403BBC914F}.Release|Any CPU.Build.0 = Release|Any CPU
		{24A625F0-9149-4D2F-957C-04403BBC914F}.Release|x64.ActiveCfg = Release|Any CPU
		{24A625F0-9149-4D2F-957C-04403BBC914F}.Release|x64.Build.0 = Release|Any CPU
		{24A625F0-9149-4D2F-957C-04403BBC914F}.Release|x86.ActiveCfg = Release|Any CPU
		{24A625F0-9149-4D2F-957C-04403BBC914F}.Release|x86.Build.0 = Release|Any CPU
		{C06A395E-B8A2-4F2E-A59E-37409A0752E5}.Debug|Any CPU.ActiveCfg = Debug|Any CPU
		{C06A395E-B8A2-4F2E-A59E-37409A0752E5}.Debug|Any CPU.Build.0 = Debug|Any CPU
		{C06A395E-B8A2-4F2E-A59E-37409A0752E5}.Debug|x64.ActiveCfg = Debug|Any CPU
		{C06A395E-B8A2-4F2E-A59E-37409A0752E5}.Debug|x64.Build.0 = Debug|Any CPU
		{C06A395E-B8A2-4F2E-A59E-37409A0752E5}.Debug|x86.ActiveCfg = Debug|Any CPU
		{C06A395E-B8A2-4F2E-A59E-37409A0752E5}.Debug|x86.Build.0 = Debug|Any CPU
		{C06A395E-B8A2-4F2E-A59E-37409A0752E5}.Release|Any CPU.ActiveCfg = Release|Any CPU
		{C06A395E-B8A2-4F2E-A59E-37409A0752E5}.Release|Any CPU.Build.0 = Release|Any CPU
		{C06A395E-B8A2-4F2E-A59E-37409A0752E5}.Release|x64.ActiveCfg = Release|Any CPU
		{C06A395E-B8A2-4F2E-A59E-37409A0752E5}.Release|x64.Build.0 = Release|Any CPU
		{C06A395E-B8A2-4F2E-A59E-37409A0752E5}.Release|x86.ActiveCfg = Release|Any CPU
		{C06A395E-B8A2-4F2E-A59E-37409A0752E5}.Release|x86.Build.0 = Release|Any CPU
		{B59B4FDD-9F80-45B0-9369-78E2CBE9B557}.Debug|Any CPU.ActiveCfg = Debug|x64
		{B59B4FDD-9F80-45B0-9369-78E2CBE9B557}.Debug|Any CPU.Build.0 = Debug|x64
		{B59B4FDD-9F80-45B0-9369-78E2CBE9B557}.Debug|x64.ActiveCfg = Debug|x64
		{B59B4FDD-9F80-45B0-9369-78E2CBE9B557}.Debug|x64.Build.0 = Debug|x64
		{B59B4FDD-9F80-45B0-9369-78E2CBE9B557}.Debug|x86.ActiveCfg = Debug|Win32
		{B59B4FDD-9F80-45B0-9369-78E2CBE9B557}.Debug|x86.Build.0 = Debug|Win32
		{B59B4FDD-9F80-45B0-9369-78E2CBE9B557}.Release|Any CPU.ActiveCfg = Release|x64
		{B59B4FDD-9F80-45B0-9369-78E2CBE9B557}.Release|Any CPU.Build.0 = Release|x64
		{B59B4FDD-9F80-45B0-9369-78E2CBE9B557}.Release|x64.ActiveCfg = Release|x64
		{B59B4FDD-9F80-45B0-9369-78E2CBE9B557}.Release|x64.Build.0 = Release|x64
		{B59B4FDD-9F80-45B0-9369-78E2CBE9B557}.Release|x86.ActiveCfg = Release|Win32
		{B59B4FDD-9F80-45B0-9369-78E2CBE9B557}.Release|x86.Build.0 = Release|Win32
		{AE71638F-F19B-4990-AC57-F6B3521E9855}.Debug|Any CPU.ActiveCfg = Debug|x64
		{AE71638F-F19B-4990-AC57-F6B3521E9855}.Debug|Any CPU.Build.0 = Debug|x64
		{AE71638F-F19B-4990-AC57-F6B3521E9855}.Debug|x64.ActiveCfg = Debug|x64
		{AE71638F-F19B-4990-AC57-F6B3521E9855}.Debug|x64.Build.0 = Debug|x64
		{AE71638F-F19B-4990-AC57-F6B3521E9855}.Debug|x86.ActiveCfg = Debug|Win32
		{AE71638F-F19B-4990-AC57-F6B3521E9855}.Debug|x86.Build.0 = Debug|Win32
		{AE71638F-F19B-4990-AC57-F6B3521E9855}.Release|Any CPU.ActiveCfg = Release|x64
		{AE71638F-F19B-4990-AC57-F6B3521E9855}.Release|Any CPU.Build.0 = Release|x64
		{AE71638F-F19B-4990-AC57-F6B3521E9855}.Release|x64.ActiveCfg = Release|x64
		{AE71638F-F19B-4990-AC57-F6B3521E9855}.Release|x64.Build.0 = Release|x64
		{AE71638F-F19B-4990-AC57-F6B3521E9855}.Release|x86.ActiveCfg = Release|Win32
		{AE71638F-F19B-4990-AC57-F6B3521E9855}.Release|x86.Build.0 = Release|Win32
		{EB973AE1-F725-46F9-A799-6EC8A5959D13}.Debug|Any CPU.ActiveCfg = Debug|x64
		{EB973AE1-F725-46F9-A799-6EC8A5959D13}.Debug|Any CPU.Build.0 = Debug|x64
		{EB973AE1-F725-46F9-A799-6EC8A5959D13}.Debug|x64.ActiveCfg = Debug|x64
		{EB973AE1-F725-46F9-A799-6EC8A5959D13}.Debug|x64.Build.0 = Debug|x64
		{EB973AE1-F725-46F9-A799-6EC8A5959D13}.Debug|x86.ActiveCfg = Debug|Win32
		{EB973AE1-F725-46F9-A799-6EC8A5959D13}.Debug|x86.Build.0 = Debug|Win32
		{EB973AE1-F725-46F9-A799-6EC8A5959D13}.Release|Any CPU.ActiveCfg = Release|x64
		{EB973AE1-F725-46F9-A799-6EC8A5959D13}.Release|Any CPU.Build.0 = Release|x64
		{EB973AE1-F725-46F9-A799-6EC8A5959D13}.Release|x64.ActiveCfg = Release|x64
		{EB973AE1-F725-46F9-A799-6EC8A5959D13}.Release|x64.Build.0 = Release|x64
		{EB973AE1-F725-46F9-A799-6EC8A5959D13}.Release|x86.ActiveCfg = Release|Win32
		{EB973AE1-F725-46F9-A799-6EC8A5959D13}.Release|x86.Build.0 = Release|Win32
		{DFE722CC-7BB9-4FFD-BFFA-64209132BCEC}.Debug|Any CPU.ActiveCfg = Debug|x64
		{DFE722CC-7BB9-4FFD-BFFA-64209132BCEC}.Debug|Any CPU.Build.0 = Debug|x64
		{DFE722CC-7BB9-4FFD-BFFA-64209132BCEC}.Debug|x64.ActiveCfg = Debug|x64
		{DFE722CC-7BB9-4FFD-BFFA-64209132BCEC}.Debug|x64.Build.0 = Debug|x64
		{DFE722CC-7BB9-4FFD-BFFA-64209132BCEC}.Debug|x86.ActiveCfg = Debug|Win32
		{DFE722CC-7BB9-4FFD-BFFA-64209132BCEC}.Debug|x86.Build.0 = Debug|Win32
		{DFE722CC-7BB9-4FFD-BFFA-64209132BCEC}.Release|Any CPU.ActiveCfg = Release|x64
		{DFE722CC-7BB9-4FFD-BFFA-64209132BCEC}.Release|Any CPU.Build.0 = Release|x64
		{DFE722CC-7BB9-4FFD-BFFA-64209132BCEC}.Release|x64.ActiveCfg = Release|x64
		{DFE722CC-7BB9-4FFD-BFFA-64209132BCEC}.Release|x64.Build.0 = Release|x64
		{DFE722CC-7BB9-4FFD-BFFA-64209132BCEC}.Release|x86.ActiveCfg = Release|Win32
		{DFE722CC-7BB9-4FFD-BFFA-64209132BCEC}.Release|x86.Build.0 = Release|Win32
		{1BD85961-8219-4611-A3B0-742016B8FC37}.Debug|Any CPU.ActiveCfg = Debug|x64
		{1BD85961-8219-4611-A3B0-742016B8FC37}.Debug|Any CPU.Build.0 = Debug|x64
		{1BD85961-8219-4611-A3B0-742016B8FC37}.Debug|x64.ActiveCfg = Debug|x64
		{1BD85961-8219-4611-A3B0-742016B8FC37}.Debug|x64.Build.0 = Debug|x64
		{1BD85961-8219-4611-A3B0-742016B8FC37}.Debug|x86.ActiveCfg = Debug|Win32
		{1BD85961-8219-4611-A3B0-742016B8FC37}.Debug|x86.Build.0 = Debug|Win32
		{1BD85961-8219-4611-A3B0-742016B8FC37}.Release|Any CPU.ActiveCfg = Release|x64
		{1BD85961-8219-4611-A3B0-742016B8FC37}.Release|Any CPU.Build.0 = Release|x64
		{1BD85961-8219-4611-A3B0-742016B8FC37}.Release|x64.ActiveCfg = Release|x64
		{1BD85961-8219-4611-A3B0-742016B8FC37}.Release|x64.Build.0 = Release|x64
		{1BD85961-8219-4611-A3B0-742016B8FC37}.Release|x86.ActiveCfg = Release|Win32
		{1BD85961-8219-4611-A3B0-742016B8FC37}.Release|x86.Build.0 = Release|Win32
		{14497273-BF84-45FD-9AA0-F97CCE973563}.Debug|Any CPU.ActiveCfg = Debug|x64
		{14497273-BF84-45FD-9AA0-F97CCE973563}.Debug|Any CPU.Build.0 = Debug|x64
		{14497273-BF84-45FD-9AA0-F97CCE973563}.Debug|x64.ActiveCfg = Debug|x64
		{14497273-BF84-45FD-9AA0-F97CCE973563}.Debug|x64.Build.0 = Debug|x64
		{14497273-BF84-45FD-9AA0-F97CCE973563}.Debug|x86.ActiveCfg = Debug|Win32
		{14497273-BF84-45FD-9AA0-F97CCE973563}.Debug|x86.Build.0 = Debug|Win32
		{14497273-BF84-45FD-9AA0-F97CCE973563}.Release|Any CPU.ActiveCfg = Release|x64
		{14497273-BF84-45FD-9AA0-F97CCE973563}.Release|Any CPU.Build.0 = Release|x64
		{14497273-BF84-45FD-9AA0-F97CCE973563}.Release|x64.ActiveCfg = Release|x64
		{14497273-BF84-45FD-9AA0-F97CCE973563}.Release|x64.Build.0 = Release|x64
		{14497273-BF84-45FD-9AA0-F97CCE973563}.Release|x86.ActiveCfg = Release|Win32
		{14497273-BF84-45FD-9AA0-F97CCE973563}.Release|x86.Build.0 = Release|Win32
		{277195B8-A098-4B86-A65F-52CD966B1BA0}.Debug|Any CPU.ActiveCfg = Debug|x64
		{277195B8-A098-4B86-A65F-52CD966B1BA0}.Debug|Any CPU.Build.0 = Debug|x64
		{277195B8-A098-4B86-A65F-52CD966B1BA0}.Debug|x64.ActiveCfg = Debug|x64
		{277195B8-A098-4B86-A65F-52CD966B1BA0}.Debug|x64.Build.0 = Debug|x64
		{277195B8-A098-4B86-A65F-52CD966B1BA0}.Debug|x86.ActiveCfg = Debug|Win32
		{277195B8-A098-4B86-A65F-52CD966B1BA0}.Debug|x86.Build.0 = Debug|Win32
		{277195B8-A098-4B86-A65F-52CD966B1BA0}.Release|Any CPU.ActiveCfg = Release|x64
		{277195B8-A098-4B86-A65F-52CD966B1BA0}.Release|Any CPU.Build.0 = Release|x64
		{277195B8-A098-4B86-A65F-52CD966B1BA0}.Release|x64.ActiveCfg = Release|x64
		{277195B8-A098-4B86-A65F-52CD966B1BA0}.Release|x64.Build.0 = Release|x64
		{277195B8-A098-4B86-A65F-52CD966B1BA0}.Release|x86.ActiveCfg = Release|Win32
		{277195B8-A098-4B86-A65F-52CD966B1BA0}.Release|x86.Build.0 = Release|Win32
		{CCE29286-12AA-43EB-B542-C84236B644E9}.Debug|Any CPU.ActiveCfg = Debug|x64
		{CCE29286-12AA-43EB-B542-C84236B644E9}.Debug|Any CPU.Build.0 = Debug|x64
		{CCE29286-12AA-43EB-B542-C84236B644E9}.Debug|x64.ActiveCfg = Debug|x64
		{CCE29286-12AA-43EB-B542-C84236B644E9}.Debug|x64.Build.0 = Debug|x64
		{CCE29286-12AA-43EB-B542-C84236B644E9}.Debug|x86.ActiveCfg = Debug|Win32
		{CCE29286-12AA-43EB-B542-C84236B644E9}.Debug|x86.Build.0 = Debug|Win32
		{CCE29286-12AA-43EB-B542-C84236B644E9}.Release|Any CPU.ActiveCfg = Release|x64
		{CCE29286-12AA-43EB-B542-C84236B644E9}.Release|Any CPU.Build.0 = Release|x64
		{CCE29286-12AA-43EB-B542-C84236B644E9}.Release|x64.ActiveCfg = Release|x64
		{CCE29286-12AA-43EB-B542-C84236B644E9}.Release|x64.Build.0 = Release|x64
		{CCE29286-12AA-43EB-B542-C84236B644E9}.Release|x86.ActiveCfg = Release|Win32
		{CCE29286-12AA-43EB-B542-C84236B644E9}.Release|x86.Build.0 = Release|Win32
	EndGlobalSection
	GlobalSection(SolutionProperties) = preSolution
		HideSolutionNode = FALSE
	EndGlobalSection
	GlobalSection(ExtensibilityGlobals) = postSolution
		SolutionGuid = {995F4314-592D-4025-9BC1-E7ED1598043A}
	EndGlobalSection
EndGlobal
